
Microsoft Visual Studio Solution File, Format Version 12.00
# Visual Studio Version 16
VisualStudioVersion = 16.0.31515.178
MinimumVisualStudioVersion = 10.0.40219.1
Project("{FAE04EC0-301F-11D3-BF4B-00C04F79EFBC}") = "Retail Product Management System", "Retail Product Management System\Retail Product Management System.csproj", "{A5DEF1A7-7358-4A27-B463-F3673005D962}"
EndProject
Global
	GlobalSection(SolutionConfigurationPlatforms) = preSolution
		Debug|Any CPU = Debug|Any CPU
		Release|Any CPU = Release|Any CPU
	EndGlobalSection
	GlobalSection(ProjectConfigurationPlatforms) = postSolution
		{A5DEF1A7-7358-4A27-B463-F3673005D962}.Debug|Any CPU.ActiveCfg = Debug|Any CPU
		{A5DEF1A7-7358-4A27-B463-F3673005D962}.Debug|Any CPU.Build.0 = Debug|Any CPU
		{A5DEF1A7-7358-4A27-B463-F3673005D962}.Release|Any CPU.ActiveCfg = Release|Any CPU
		{A5DEF1A7-7358-4A27-B463-F3673005D962}.Release|Any CPU.Build.0 = Release|Any CPU
	EndGlobalSection
	GlobalSection(SolutionProperties) = preSolution
		HideSolutionNode = FALSE
	EndGlobalSection
	GlobalSection(ExtensibilityGlobals) = postSolution
		SolutionGuid = {C843404D-66BF-4072-BD37-63A24D0F1579}
	EndGlobalSection
EndGlobal
